
Microsoft Visual Studio Solution File, Format Version 12.00
# Visual Studio Version 17
VisualStudioVersion = 17.8.34330.188
MinimumVisualStudioVersion = 10.0.40219.1
Project("{FAE04EC0-301F-11D3-BF4B-00C04F79EFBC}") = "RobotVision.Core", "src\RobotVision.Core\RobotVision.Core.csproj", "{1A2B3C4D-0001-4000-8000-000000000001}"
EndProject
Project("{FAE04EC0-301F-11D3-BF4B-00C04F79EFBC}") = "RobotVision.Infrastructure", "src\RobotVision.Infrastructure\RobotVision.Infrastructure.csproj", "{1A2B3C4D-0002-4000-8000-000000000002}"
EndProject
Project("{FAE04EC0-301F-11D3-BF4B-00C04F79EFBC}") = "RobotVision.CalibTool", "tools\RobotVision.CalibTool\RobotVision.CalibTool.csproj", "{1A2B3C4D-0004-4000-8000-000000000004}"
EndProject
Project("{FAE04EC0-301F-11D3-BF4B-00C04F79EFBC}") = "RobotVision.Tests", "tests\RobotVision.Tests\RobotVision.Tests.csproj", "{1A2B3C4D-0005-4000-8000-000000000005}"
EndProject
Project("{FAE04EC0-301F-11D3-BF4B-00C04F79EFBC}") = "RobotVision.Hosting", "src\RobotVision.Hosting\RobotVision.Hosting.csproj", "{1A2B3C4D-0006-4000-8000-000000000006}"
EndProject
Project("{FAE04EC0-301F-11D3-BF4B-00C04F79EFBC}") = "RobotVision.Wpf", "src\RobotVision.Wpf\RobotVision.Wpf.csproj", "{1A2B3C4D-0007-4000-8000-000000000007}"
EndProject
Project("{FAE04EC0-301F-11D3-BF4B-00C04F79EFBC}") = "ImageViewerControl", "src\ImageViewerControl\ImageViewerControl.csproj", "{1A2B3C4D-0008-4000-8000-000000000008}"
EndProject
Project("{2150E333-8FDC-42A3-9474-1A3956D46DE8}") = "tests", "tests", "{0AB3BF05-4346-4AA6-1389-037BE0695223}"
EndProject
Project("{FAE04EC0-301F-11D3-BF4B-00C04F79EFBC}") = "RobotVision.Wpf.Tests", "tests\RobotVision.Wpf.Tests\RobotVision.Wpf.Tests.csproj", "{395850DB-F868-4124-9E7F-78479D3060B2}"
EndProject
Project("{2150E333-8FDC-42A3-9474-1A3956D46DE8}") = "src", "src", "{827E0CD3-B72D-47B6-A68D-7590B98EB39B}"
EndProject
Project("{FAE04EC0-301F-11D3-BF4B-00C04F79EFBC}") = "ImageViewerControl.Tests", "tests\ImageViewerControl.Tests\ImageViewerControl.Tests.csproj", "{60395ADD-9E12-4C25-ACF3-B8D37429F5D5}"
EndProject
Project("{FAE04EC0-301F-11D3-BF4B-00C04F79EFBC}") = "RobotVision.IntegrationTests", "tests\RobotVision.IntegrationTests\RobotVision.IntegrationTests.csproj", "{FED3C957-4CBB-4D77-A495-D2868A3F231E}"
EndProject
Project("{2150E333-8FDC-42A3-9474-1A3956D46DE8}") = "benchmarks", "benchmarks", "{66320409-64EC-F7C5-3DEF-65E7510DAAD1}"
EndProject
Project("{FAE04EC0-301F-11D3-BF4B-00C04F79EFBC}") = "RobotVision.Benchmarks", "benchmarks\RobotVision.Benchmarks\RobotVision.Benchmarks.csproj", "{B8B2D158-655E-4F2D-AF43-167A0367DB4A}"
EndProject
Project("{2150E333-8FDC-42A3-9474-1A3956D46DE8}") = "tools", "tools", "{C8E1B2A0-1111-4000-8000-0000000000B0}"
EndProject
Project("{FAE04EC0-301F-11D3-BF4B-00C04F79EFBC}") = "RobotVision.InferenceBench.Shared", "tools\RobotVision.InferenceBench.Shared\RobotVision.InferenceBench.Shared.csproj", "{C8E1B2A0-1111-4000-8000-0000000000B1}"
EndProject
Project("{FAE04EC0-301F-11D3-BF4B-00C04F79EFBC}") = "RobotVision.InferenceBench.OpenVino", "tools\RobotVision.InferenceBench.OpenVino\RobotVision.InferenceBench.OpenVino.csproj", "{C8E1B2A0-1111-4000-8000-0000000000B2}"
EndProject
Project("{FAE04EC0-301F-11D3-BF4B-00C04F79EFBC}") = "RobotVision.InferenceBench", "tools\RobotVision.InferenceBench\RobotVision.InferenceBench.csproj", "{C8E1B2A0-1111-4000-8000-0000000000B3}"
EndProject
Project("{FAE04EC0-301F-11D3-BF4B-00C04F79EFBC}") = "RobotVision.Teach", "src\RobotVision.Teach\RobotVision.Teach.csproj", "{475A3F7A-559F-4A2B-89F4-0114893645A9}"
EndProject
Global
	GlobalSection(SolutionConfigurationPlatforms) = preSolution
		Debug|Any CPU = Debug|Any CPU
		Debug|x64 = Debug|x64
		Debug|x86 = Debug|x86
		Release|Any CPU = Release|Any CPU
		Release|x64 = Release|x64
		Release|x86 = Release|x86
	EndGlobalSection
	GlobalSection(ProjectConfigurationPlatforms) = postSolution
		{1A2B3C4D-0001-4000-8000-000000000001}.Debug|Any CPU.ActiveCfg = Debug|Any CPU
		{1A2B3C4D-0001-4000-8000-000000000001}.Debug|Any CPU.Build.0 = Debug|Any CPU
		{1A2B3C4D-0001-4000-8000-000000000001}.Debug|x64.ActiveCfg = Debug|Any CPU
		{1A2B3C4D-0001-4000-8000-000000000001}.Debug|x64.Build.0 = Debug|Any CPU
		{1A2B3C4D-0001-4000-8000-000000000001}.Debug|x86.ActiveCfg = Debug|Any CPU
		{1A2B3C4D-0001-4000-8000-000000000001}.Debug|x86.Build.0 = Debug|Any CPU
		{1A2B3C4D-0001-4000-8000-000000000001}.Release|Any CPU.ActiveCfg = Release|Any CPU
		{1A2B3C4D-0001-4000-8000-000000000001}.Release|Any CPU.Build.0 = Release|Any CPU
		{1A2B3C4D-0001-4000-8000-000000000001}.Release|x64.ActiveCfg = Release|Any CPU
		{1A2B3C4D-0001-4000-8000-000000000001}.Release|x64.Build.0 = Release|Any CPU
		{1A2B3C4D-0001-4000-8000-000000000001}.Release|x86.ActiveCfg = Release|Any CPU
		{1A2B3C4D-0001-4000-8000-000000000001}.Release|x86.Build.0 = Release|Any CPU
		{1A2B3C4D-0002-4000-8000-000000000002}.Debug|Any CPU.ActiveCfg = Debug|Any CPU
		{1A2B3C4D-0002-4000-8000-000000000002}.Debug|Any CPU.Build.0 = Debug|Any CPU
		{1A2B3C4D-0002-4000-8000-000000000002}.Debug|x64.ActiveCfg = Debug|Any CPU
		{1A2B3C4D-0002-4000-8000-000000000002}.Debug|x64.Build.0 = Debug|Any CPU
		{1A2B3C4D-0002-4000-8000-000000000002}.Debug|x86.ActiveCfg = Debug|Any CPU
		{1A2B3C4D-0002-4000-8000-000000000002}.Debug|x86.Build.0 = Debug|Any CPU
		{1A2B3C4D-0002-4000-8000-000000000002}.Release|Any CPU.ActiveCfg = Release|Any CPU
		{1A2B3C4D-0002-4000-8000-000000000002}.Release|Any CPU.Build.0 = Release|Any CPU
		{1A2B3C4D-0002-4000-8000-000000000002}.Release|x64.ActiveCfg = Release|Any CPU
		{1A2B3C4D-0002-4000-8000-000000000002}.Release|x64.Build.0 = Release|Any CPU
		{1A2B3C4D-0002-4000-8000-000000000002}.Release|x86.ActiveCfg = Release|Any CPU
		{1A2B3C4D-0002-4000-8000-000000000002}.Release|x86.Build.0 = Release|Any CPU
		{1A2B3C4D-0004-4000-8000-000000000004}.Debug|Any CPU.ActiveCfg = Debug|Any CPU
		{1A2B3C4D-0004-4000-8000-000000000004}.Debug|Any CPU.Build.0 = Debug|Any CPU
		{1A2B3C4D-0004-4000-8000-000000000004}.Debug|x64.ActiveCfg = Debug|Any CPU
		{1A2B3C4D-0004-4000-8000-000000000004}.Debug|x64.Build.0 = Debug|Any CPU
		{1A2B3C4D-0004-4000-8000-000000000004}.Debug|x86.ActiveCfg = Debug|Any CPU
		{1A2B3C4D-0004-4000-8000-000000000004}.Debug|x86.Build.0 = Debug|Any CPU
		{1A2B3C4D-0004-4000-8000-000000000004}.Release|Any CPU.ActiveCfg = Release|Any CPU
		{1A2B3C4D-0004-4000-8000-000000000004}.Release|Any CPU.Build.0 = Release|Any CPU
		{1A2B3C4D-0004-4000-8000-000000000004}.Release|x64.ActiveCfg = Release|Any CPU
		{1A2B3C4D-0004-4000-8000-000000000004}.Release|x64.Build.0 = Release|Any CPU
		{1A2B3C4D-0004-4000-8000-000000000004}.Release|x86.ActiveCfg = Release|Any CPU
		{1A2B3C4D-0004-4000-8000-000000000004}.Release|x86.Build.0 = Release|Any CPU
		{1A2B3C4D-0005-4000-8000-000000000005}.Debug|Any CPU.ActiveCfg = Debug|Any CPU
		{1A2B3C4D-0005-4000-8000-000000000005}.Debug|Any CPU.Build.0 = Debug|Any CPU
		{1A2B3C4D-0005-4000-8000-000000000005}.Debug|x64.ActiveCfg = Debug|Any CPU
		{1A2B3C4D-0005-4000-8000-000000000005}.Debug|x64.Build.0 = Debug|Any CPU
		{1A2B3C4D-0005-4000-8000-000000000005}.Debug|x86.ActiveCfg = Debug|Any CPU
		{1A2B3C4D-0005-4000-8000-000000000005}.Debug|x86.Build.0 = Debug|Any CPU
		{1A2B3C4D-0005-4000-8000-000000000005}.Release|Any CPU.ActiveCfg = Release|Any CPU
		{1A2B3C4D-0005-4000-8000-000000000005}.Release|Any CPU.Build.0 = Release|Any CPU
		{1A2B3C4D-0005-4000-8000-000000000005}.Release|x64.ActiveCfg = Release|Any CPU
		{1A2B3C4D-0005-4000-8000-000000000005}.Release|x64.Build.0 = Release|Any CPU
		{1A2B3C4D-0005-4000-8000-000000000005}.Release|x86.ActiveCfg = Release|Any CPU
		{1A2B3C4D-0005-4000-8000-000000000005}.Release|x86.Build.0 = Release|Any CPU
		{1A2B3C4D-0006-4000-8000-000000000006}.Debug|Any CPU.ActiveCfg = Debug|Any CPU
		{1A2B3C4D-0006-4000-8000-000000000006}.Debug|Any CPU.Build.0 = Debug|Any CPU
		{1A2B3C4D-0006-4000-8000-000000000006}.Debug|x64.ActiveCfg = Debug|Any CPU
		{1A2B3C4D-0006-4000-8000-000000000006}.Debug|x64.Build.0 = Debug|Any CPU
		{1A2B3C4D-0006-4000-8000-000000000006}.Debug|x86.ActiveCfg = Debug|Any CPU
		{1A2B3C4D-0006-4000-8000-000000000006}.Debug|x86.Build.0 = Debug|Any CPU
		{1A2B3C4D-0006-4000-8000-000000000006}.Release|Any CPU.ActiveCfg = Release|Any CPU
		{1A2B3C4D-0006-4000-8000-000000000006}.Release|Any CPU.Build.0 = Release|Any CPU
		{1A2B3C4D-0006-4000-8000-000000000006}.Release|x64.ActiveCfg = Release|Any CPU
		{1A2B3C4D-0006-4000-8000-000000000006}.Release|x64.Build.0 = Release|Any CPU
		{1A2B3C4D-0006-4000-8000-000000000006}.Release|x86.ActiveCfg = Release|Any CPU
		{1A2B3C4D-0006-4000-8000-000000000006}.Release|x86.Build.0 = Release|Any CPU
		{1A2B3C4D-0007-4000-8000-000000000007}.Debug|Any CPU.ActiveCfg = Debug|Any CPU
		{1A2B3C4D-0007-4000-8000-000000000007}.Debug|Any CPU.Build.0 = Debug|Any CPU
		{1A2B3C4D-0007-4000-8000-000000000007}.Debug|x64.ActiveCfg = Debug|Any CPU
		{1A2B3C4D-0007-4000-8000-000000000007}.Debug|x64.Build.0 = Debug|Any CPU
		{1A2B3C4D-0007-4000-8000-000000000007}.Debug|x86.ActiveCfg = Debug|Any CPU
		{1A2B3C4D-0007-4000-8000-000000000007}.Debug|x86.Build.0 = Debug|Any CPU
		{1A2B3C4D-0007-4000-8000-000000000007}.Release|Any CPU.ActiveCfg = Release|Any CPU
		{1A2B3C4D-0007-4000-8000-000000000007}.Release|Any CPU.Build.0 = Release|Any CPU
		{1A2B3C4D-0007-4000-8000-000000000007}.Release|x64.ActiveCfg = Release|Any CPU
		{1A2B3C4D-0007-4000-8000-000000000007}.Release|x64.Build.0 = Release|Any CPU
		{1A2B3C4D-0007-4000-8000-000000000007}.Release|x86.ActiveCfg = Release|Any CPU
		{1A2B3C4D-0007-4000-8000-000000000007}.Release|x86.Build.0 = Release|Any CPU
		{1A2B3C4D-0008-4000-8000-000000000008}.Debug|Any CPU.ActiveCfg = Debug|Any CPU
		{1A2B3C4D-0008-4000-8000-000000000008}.Debug|Any CPU.Build.0 = Debug|Any CPU
		{1A2B3C4D-0008-4000-8000-000000000008}.Debug|x64.ActiveCfg = Debug|Any CPU
		{1A2B3C4D-0008-4000-8000-000000000008}.Debug|x64.Build.0 = Debug|Any CPU
		{1A2B3C4D-0008-4000-8000-000000000008}.Debug|x86.ActiveCfg = Debug|Any CPU
		{1A2B3C4D-0008-4000-8000-000000000008}.Debug|x86.Build.0 = Debug|Any CPU
		{1A2B3C4D-0008-4000-8000-000000000008}.Release|Any CPU.ActiveCfg = Release|Any CPU
		{1A2B3C4D-0008-4000-8000-000000000008}.Release|Any CPU.Build.0 = Release|Any CPU
		{1A2B3C4D-0008-4000-8000-000000000008}.Release|x64.ActiveCfg = Release|Any CPU
		{1A2B3C4D-0008-4000-8000-000000000008}.Release|x64.Build.0 = Release|Any CPU
		{1A2B3C4D-0008-4000-8000-000000000008}.Release|x86.ActiveCfg = Release|Any CPU
		{1A2B3C4D-0008-4000-8000-000000000008}.Release|x86.Build.0 = Release|Any CPU
		{395850DB-F868-4124-9E7F-78479D3060B2}.Debug|Any CPU.ActiveCfg = Debug|Any CPU
		{395850DB-F868-4124-9E7F-78479D3060B2}.Debug|Any CPU.Build.0 = Debug|Any CPU
		{395850DB-F868-4124-9E7F-78479D3060B2}.Debug|x64.ActiveCfg = Debug|Any CPU
		{395850DB-F868-4124-9E7F-78479D3060B2}.Debug|x64.Build.0 = Debug|Any CPU
		{395850DB-F868-4124-9E7F-78479D3060B2}.Debug|x86.ActiveCfg = Debug|Any CPU
		{395850DB-F868-4124-9E7F-78479D3060B2}.Debug|x86.Build.0 = Debug|Any CPU
		{395850DB-F868-4124-9E7F-78479D3060B2}.Release|Any CPU.ActiveCfg = Release|Any CPU
		{395850DB-F868-4124-9E7F-78479D3060B2}.Release|Any CPU.Build.0 = Release|Any CPU
		{395850DB-F868-4124-9E7F-78479D3060B2}.Release|x64.ActiveCfg = Release|Any CPU
		{395850DB-F868-4124-9E7F-78479D3060B2}.Release|x64.Build.0 = Release|Any CPU
		{395850DB-F868-4124-9E7F-78479D3060B2}.Release|x86.ActiveCfg = Release|Any CPU
		{395850DB-F868-4124-9E7F-78479D3060B2}.Release|x86.Build.0 = Release|Any CPU
		{60395ADD-9E12-4C25-ACF3-B8D37429F5D5}.Debug|Any CPU.ActiveCfg = Debug|Any CPU
		{60395ADD-9E12-4C25-ACF3-B8D37429F5D5}.Debug|Any CPU.Build.0 = Debug|Any CPU
		{60395ADD-9E12-4C25-ACF3-B8D37429F5D5}.Debug|x64.ActiveCfg = Debug|Any CPU
		{60395ADD-9E12-4C25-ACF3-B8D37429F5D5}.Debug|x64.Build.0 = Debug|Any CPU
		{60395ADD-9E12-4C25-ACF3-B8D37429F5D5}.Debug|x86.ActiveCfg = Debug|Any CPU
		{60395ADD-9E12-4C25-ACF3-B8D37429F5D5}.Debug|x86.Build.0 = Debug|Any CPU
		{60395ADD-9E12-4C25-ACF3-B8D37429F5D5}.Release|Any CPU.ActiveCfg = Release|Any CPU
		{60395ADD-9E12-4C25-ACF3-B8D37429F5D5}.Release|Any CPU.Build.0 = Release|Any CPU
		{60395ADD-9E12-4C25-ACF3-B8D37429F5D5}.Release|x64.ActiveCfg = Release|Any CPU
		{60395ADD-9E12-4C25-ACF3-B8D37429F5D5}.Release|x64.Build.0 = Release|Any CPU
		{60395ADD-9E12-4C25-ACF3-B8D37429F5D5}.Release|x86.ActiveCfg = Release|Any CPU
		{60395ADD-9E12-4C25-ACF3-B8D37429F5D5}.Release|x86.Build.0 = Release|Any CPU
		{FED3C957-4CBB-4D77-A495-D2868A3F231E}.Debug|Any CPU.ActiveCfg = Debug|Any CPU
		{FED3C957-4CBB-4D77-A495-D2868A3F231E}.Debug|Any CPU.Build.0 = Debug|Any CPU
		{FED3C957-4CBB-4D77-A495-D2868A3F231E}.Debug|x64.ActiveCfg = Debug|Any CPU
		{FED3C957-4CBB-4D77-A495-D2868A3F231E}.Debug|x64.Build.0 = Debug|Any CPU
		{FED3C957-4CBB-4D77-A495-D2868A3F231E}.Debug|x86.ActiveCfg = Debug|Any CPU
		{FED3C957-4CBB-4D77-A495-D2868A3F231E}.Debug|x86.Build.0 = Debug|Any CPU
		{FED3C957-4CBB-4D77-A495-D2868A3F231E}.Release|Any CPU.ActiveCfg = Release|Any CPU
		{FED3C957-4CBB-4D77-A495-D2868A3F231E}.Release|Any CPU.Build.0 = Release|Any CPU
		{FED3C957-4CBB-4D77-A495-D2868A3F231E}.Release|x64.ActiveCfg = Release|Any CPU
		{FED3C957-4CBB-4D77-A495-D2868A3F231E}.Release|x64.Build.0 = Release|Any CPU
		{FED3C957-4CBB-4D77-A495-D2868A3F231E}.Release|x86.ActiveCfg = Release|Any CPU
		{FED3C957-4CBB-4D77-A495-D2868A3F231E}.Release|x86.Build.0 = Release|Any CPU
		{B8B2D158-655E-4F2D-AF43-167A0367DB4A}.Debug|Any CPU.ActiveCfg = Debug|Any CPU
		{B8B2D158-655E-4F2D-AF43-167A0367DB4A}.Debug|Any CPU.Build.0 = Debug|Any CPU
		{B8B2D158-655E-4F2D-AF43-167A0367DB4A}.Debug|x64.ActiveCfg = Debug|Any CPU
		{B8B2D158-655E-4F2D-AF43-167A0367DB4A}.Debug|x64.Build.0 = Debug|Any CPU
		{B8B2D158-655E-4F2D-AF43-167A0367DB4A}.Debug|x86.ActiveCfg = Debug|Any CPU
		{B8B2D158-655E-4F2D-AF43-167A0367DB4A}.Debug|x86.Build.0 = Debug|Any CPU
		{B8B2D158-655E-4F2D-AF43-167A0367DB4A}.Release|Any CPU.ActiveCfg = Release|Any CPU
		{B8B2D158-655E-4F2D-AF43-167A0367DB4A}.Release|Any CPU.Build.0 = Release|Any CPU
		{B8B2D158-655E-4F2D-AF43-167A0367DB4A}.Release|x64.ActiveCfg = Release|Any CPU
		{B8B2D158-655E-4F2D-AF43-167A0367DB4A}.Release|x64.Build.0 = Release|Any CPU
		{B8B2D158-655E-4F2D-AF43-167A0367DB4A}.Release|x86.ActiveCfg = Release|Any CPU
		{B8B2D158-655E-4F2D-AF43-167A0367DB4A}.Release|x86.Build.0 = Release|Any CPU
		{C8E1B2A0-1111-4000-8000-0000000000B1}.Debug|Any CPU.ActiveCfg = Debug|Any CPU
		{C8E1B2A0-1111-4000-8000-0000000000B1}.Debug|Any CPU.Build.0 = Debug|Any CPU
		{C8E1B2A0-1111-4000-8000-0000000000B1}.Debug|x64.ActiveCfg = Debug|Any CPU
		{C8E1B2A0-1111-4000-8000-0000000000B1}.Debug|x64.Build.0 = Debug|Any CPU
		{C8E1B2A0-1111-4000-8000-0000000000B1}.Debug|x86.ActiveCfg = Debug|Any CPU
		{C8E1B2A0-1111-4000-8000-0000000000B1}.Debug|x86.Build.0 = Debug|Any CPU
		{C8E1B2A0-1111-4000-8000-0000000000B1}.Release|Any CPU.ActiveCfg = Release|Any CPU
		{C8E1B2A0-1111-4000-8000-0000000000B1}.Release|Any CPU.Build.0 = Release|Any CPU
		{C8E1B2A0-1111-4000-8000-0000000000B1}.Release|x64.ActiveCfg = Release|Any CPU
		{C8E1B2A0-1111-4000-8000-0000000000B1}.Release|x64.Build.0 = Release|Any CPU
		{C8E1B2A0-1111-4000-8000-0000000000B1}.Release|x86.ActiveCfg = Release|Any CPU
		{C8E1B2A0-1111-4000-8000-0000000000B1}.Release|x86.Build.0 = Release|Any CPU
		{C8E1B2A0-1111-4000-8000-0000000000B2}.Debug|Any CPU.ActiveCfg = Debug|Any CPU
		{C8E1B2A0-1111-4000-8000-0000000000B2}.Debug|Any CPU.Build.0 = Debug|Any CPU
		{C8E1B2A0-1111-4000-8000-0000000000B2}.Debug|x64.ActiveCfg = Debug|Any CPU
		{C8E1B2A0-1111-4000-8000-0000000000B2}.Debug|x64.Build.0 = Debug|Any CPU
		{C8E1B2A0-1111-4000-8000-0000000000B2}.Debug|x86.ActiveCfg = Debug|Any CPU
		{C8E1B2A0-1111-4000-8000-0000000000B2}.Debug|x86.Build.0 = Debug|Any CPU
		{C8E1B2A0-1111-4000-8000-0000000000B2}.Release|Any CPU.ActiveCfg = Release|Any CPU
		{C8E1B2A0-1111-4000-8000-0000000000B2}.Release|Any CPU.Build.0 = Release|Any CPU
		{C8E1B2A0-1111-4000-8000-0000000000B2}.Release|x64.ActiveCfg = Release|Any CPU
		{C8E1B2A0-1111-4000-8000-0000000000B2}.Release|x64.Build.0 = Release|Any CPU
		{C8E1B2A0-1111-4000-8000-0000000000B2}.Release|x86.ActiveCfg = Release|Any CPU
		{C8E1B2A0-1111-4000-8000-0000000000B2}.Release|x86.Build.0 = Release|Any CPU
		{C8E1B2A0-1111-4000-8000-0000000000B3}.Debug|Any CPU.ActiveCfg = Debug|Any CPU
		{C8E1B2A0-1111-4000-8000-0000000000B3}.Debug|Any CPU.Build.0 = Debug|Any CPU
		{C8E1B2A0-1111-4000-8000-0000000000B3}.Debug|x64.ActiveCfg = Debug|Any CPU
		{C8E1B2A0-1111-4000-8000-0000000000B3}.Debug|x64.Build.0 = Debug|Any CPU
		{C8E1B2A0-1111-4000-8000-0000000000B3}.Debug|x86.ActiveCfg = Debug|Any CPU
		{C8E1B2A0-1111-4000-8000-0000000000B3}.Debug|x86.Build.0 = Debug|Any CPU
		{C8E1B2A0-1111-4000-8000-0000000000B3}.Release|Any CPU.ActiveCfg = Release|Any CPU
		{C8E1B2A0-1111-4000-8000-0000000000B3}.Release|Any CPU.Build.0 = Release|Any CPU
		{C8E1B2A0-1111-4000-8000-0000000000B3}.Release|x64.ActiveCfg = Release|Any CPU
		{C8E1B2A0-1111-4000-8000-0000000000B3}.Release|x64.Build.0 = Release|Any CPU
		{C8E1B2A0-1111-4000-8000-0000000000B3}.Release|x86.ActiveCfg = Release|Any CPU
		{C8E1B2A0-1111-4000-8000-0000000000B3}.Release|x86.Build.0 = Release|Any CPU
		{475A3F7A-559F-4A2B-89F4-0114893645A9}.Debug|Any CPU.ActiveCfg = Debug|Any CPU
		{475A3F7A-559F-4A2B-89F4-0114893645A9}.Debug|Any CPU.Build.0 = Debug|Any CPU
		{475A3F7A-559F-4A2B-89F4-0114893645A9}.Debug|x64.ActiveCfg = Debug|Any CPU
		{475A3F7A-559F-4A2B-89F4-0114893645A9}.Debug|x64.Build.0 = Debug|Any CPU
		{475A3F7A-559F-4A2B-89F4-0114893645A9}.Debug|x86.ActiveCfg = Debug|Any CPU
		{475A3F7A-559F-4A2B-89F4-0114893645A9}.Debug|x86.Build.0 = Debug|Any CPU
		{475A3F7A-559F-4A2B-89F4-0114893645A9}.Release|Any CPU.ActiveCfg = Release|Any CPU
		{475A3F7A-559F-4A2B-89F4-0114893645A9}.Release|Any CPU.Build.0 = Release|Any CPU
		{475A3F7A-559F-4A2B-89F4-0114893645A9}.Release|x64.ActiveCfg = Release|Any CPU
		{475A3F7A-559F-4A2B-89F4-0114893645A9}.Release|x64.Build.0 = Release|Any CPU
		{475A3F7A-559F-4A2B-89F4-0114893645A9}.Release|x86.ActiveCfg = Release|Any CPU
		{475A3F7A-559F-4A2B-89F4-0114893645A9}.Release|x86.Build.0 = Release|Any CPU
	EndGlobalSection
	GlobalSection(SolutionProperties) = preSolution
		HideSolutionNode = FALSE
	EndGlobalSection
	GlobalSection(NestedProjects) = preSolution
		{1A2B3C4D-0004-4000-8000-000000000004} = {C8E1B2A0-1111-4000-8000-0000000000B0}
		{395850DB-F868-4124-9E7F-78479D3060B2} = {0AB3BF05-4346-4AA6-1389-037BE0695223}
		{60395ADD-9E12-4C25-ACF3-B8D37429F5D5} = {0AB3BF05-4346-4AA6-1389-037BE0695223}
		{FED3C957-4CBB-4D77-A495-D2868A3F231E} = {0AB3BF05-4346-4AA6-1389-037BE0695223}
		{B8B2D158-655E-4F2D-AF43-167A0367DB4A} = {66320409-64EC-F7C5-3DEF-65E7510DAAD1}
		{C8E1B2A0-1111-4000-8000-0000000000B1} = {C8E1B2A0-1111-4000-8000-0000000000B0}
		{C8E1B2A0-1111-4000-8000-0000000000B2} = {C8E1B2A0-1111-4000-8000-0000000000B0}
		{C8E1B2A0-1111-4000-8000-0000000000B3} = {C8E1B2A0-1111-4000-8000-0000000000B0}
		{475A3F7A-559F-4A2B-89F4-0114893645A9} = {827E0CD3-B72D-47B6-A68D-7590B98EB39B}
	EndGlobalSection
EndGlobal
