{
  "version": 2,
  "dependencies": {
    "net8.0": {
      "GenICam.Net": {
        "type": "Transitive",
        "resolved": "1.0.0",
        "contentHash": "OP+/ZmPH7+4ieMnKTXOqSMen9zu2Xy1uriGY6MGS7z0SXq1kgCBIBA4UhS2quoV8Efew+5fUouQSOCuC7R0/Fw==",
        "dependencies": {
          "Microsoft.Extensions.Logging.Abstractions": "10.0.5"
        }
      },
      "Microsoft.ML.OnnxRuntime.Managed": {
        "type": "Transitive",
        "resolved": "1.22.0",
        "contentHash": "zlG3eY5mJnx1BhYAxRwpuHCGHzl3B+cY5/se0RmlVBw6Yh6QTGjPAXdjhlBIcw6BPFhgMn9lxWPE/U3Fvis+BQ==",
        "dependencies": {
          "System.Memory": "4.5.5",
          "System.Numerics.Tensors": "9.0.0"
        }
      },
      "runtime.linux-arm.runtime.native.System.IO.Ports": {
        "type": "Transitive",
        "resolved": "8.0.0",
        "contentHash": "gK720fg6HemDg8sXcfy+xCMZ9+hF78Gc7BmREbmkS4noqlu1BAr9qZtuWGhLzFjBfgecmdtl4+SYVwJ1VneZBQ=="
      },
      "runtime.linux-arm64.runtime.native.System.IO.Ports": {
        "type": "Transitive",
        "resolved": "8.0.0",
        "contentHash": "KYG6/3ojhEWbb3FwQAKgGWPHrY+HKUXXdVjJlrtyCLn3EMcNTaNcPadb2c0ndQzixZSmAxZKopXJr0nLwhOrpQ=="
      },
      "runtime.linux-x64.runtime.native.System.IO.Ports": {
        "type": "Transitive",
        "resolved": "8.0.0",
        "contentHash": "Wnw5vhA4mgGbIFoo6l9Fk3iEcwRSq49a1aKwJgXUCUtEQLCSUDjTGSxqy/oMUuOyyn7uLHsH8KgZzQ1y3lReiQ=="
      },
      "runtime.native.System.IO.Ports": {
        "type": "Transitive",
        "resolved": "8.0.0",
        "contentHash": "Ee7Sz5llLpTgyKIWzKI/GeuRSbFkOABgJRY00SqTY0OkTYtkB+9l5rFZfE7fxPA3c22RfytCBYkUdAkcmwMjQg==",
        "dependencies": {
          "runtime.linux-arm.runtime.native.System.IO.Ports": "8.0.0",
          "runtime.linux-arm64.runtime.native.System.IO.Ports": "8.0.0",
          "runtime.linux-x64.runtime.native.System.IO.Ports": "8.0.0",
          "runtime.osx-arm64.runtime.native.System.IO.Ports": "8.0.0",
          "runtime.osx-x64.runtime.native.System.IO.Ports": "8.0.0"
        }
      },
      "runtime.osx-arm64.runtime.native.System.IO.Ports": {
        "type": "Transitive",
        "resolved": "8.0.0",
        "contentHash": "rbUBLAaFW9oVkbsb0+XSrAo2QdhBeAyzLl5KQ6Oci9L/u626uXGKInsVJG6B9Z5EO8bmplC8tsMiaHK8wOBZ+w=="
      },
      "runtime.osx-x64.runtime.native.System.IO.Ports": {
        "type": "Transitive",
        "resolved": "8.0.0",
        "contentHash": "IcfB4jKtM9pkzP9OpYelEcUX1MiDt0IJPBh3XYYdEISFF+6Mc+T8WWi0dr9wVh1gtcdVjubVEIBgB8BHESlGfQ=="
      },
      "SkiaSharp": {
        "type": "Transitive",
        "resolved": "3.119.1",
        "contentHash": "+Ru1BTSZQne3Vp+vbSb50Ke3Nlc3ZnItxx4+751J9WZ8YzLKAV/n+9DAo4zFTyeCI//ueT63c+VybmTTpYBEiw==",
        "dependencies": {
          "SkiaSharp.NativeAssets.Win32": "3.119.1",
          "SkiaSharp.NativeAssets.macOS": "3.119.1"
        }
      },
      "SkiaSharp.NativeAssets.macOS": {
        "type": "Transitive",
        "resolved": "3.119.1",
        "contentHash": "6hR3BdLhApjDxR1bFrJ7/lMydPfI01s3K+3WjIXFUlfC0MFCFCwRzv+JtzIkW9bDXs7XUVQS+6EVf0uzCasnGQ=="
      },
      "SkiaSharp.NativeAssets.Win32": {
        "type": "Transitive",
        "resolved": "3.119.1",
        "contentHash": "8C4GSXVJqSr0y3Tyyv5jz6MJSTVUyYkMjeKrzK+VyZPGLo89MNoUEclVuYahzOCDdtbfXrd2HtxXfDuvoSXrUw=="
      },
      "System.Diagnostics.DiagnosticSource": {
        "type": "Transitive",
        "resolved": "10.0.5",
        "contentHash": "CCbzHQ26L3jskdwHh+4bxxW84lUMIrAAmeSlpO69AlrQV0DKbj1/I+feLaLSuZeqXPr9UlSy0OcgZoXOk2a6/g=="
      },
      "System.Memory": {
        "type": "Transitive",
        "resolved": "4.5.5",
        "contentHash": "XIWiDvKPXaTveaB7HVganDlOCRoj03l+jrwNvcge/t8vhGYKvqV+dMv6G4SAX2NoNmN0wZfVPTAlFwZcZvVOUw=="
      },
      "System.Numerics.Tensors": {
        "type": "Transitive",
        "resolved": "9.0.0",
        "contentHash": "hyJB4UlpAi19Xr9AXzu2NuagKC4lPfHObNMEAA0HmqFz2rX7wKgzeYzO/jM/eBHDhnUGFFEjk5cOoJaxqg5J4A=="
      },
      "System.Runtime.CompilerServices.Unsafe": {
        "type": "Transitive",
        "resolved": "6.0.0",
        "contentHash": "/iUeP3tq1S0XdNNoMz5C9twLSrM/TH+qElHkXWaPvuNOt+99G75NrV0OS2EqHx5wMN7popYjpc8oTjC1y16DLg=="
      },
      "robotvision.core": {
        "type": "Project"
      },
      "robotvision.infrastructure": {
        "type": "Project",
        "dependencies": {
          "GigEVision.Net": "[1.0.0, )",
          "Intel.ML.OnnxRuntime.OpenVino": "[1.22.0, )",
          "LDVisionCamera.Net": "[1.0.0-rc.37, )",
          "Microsoft.Extensions.Logging.Abstractions": "[10.0.5, )",
          "OpenCvSharp4": "[4.10.0.20240615, )",
          "OpenCvSharp4.runtime.win": "[4.10.0.20240615, )",
          "RobotVision.Core": "[1.0.0, )",
          "System.IO.Ports": "[8.0.0, )",
          "YoloDotNet": "[4.2.0, )",
          "YoloDotNet.ExecutionProvider.OpenVino": "[1.1.0, )"
        }
      },
      "GigEVision.Net": {
        "type": "CentralTransitive",
        "requested": "[1.0.0, )",
        "resolved": "1.0.0",
        "contentHash": "5dHcfLvCIOp63vYKOG3jpKnpTVgb4uPSpsVy1ROaVq6YByh1CcURxmhazBFL2DTfMwp9ZL6qvYdRB4GlyTiPng==",
        "dependencies": {
          "GenICam.Net": "1.0.0",
          "Microsoft.Extensions.Logging.Abstractions": "10.0.5"
        }
      },
      "Intel.ML.OnnxRuntime.OpenVino": {
        "type": "CentralTransitive",
        "requested": "[1.22.0, )",
        "resolved": "1.22.0",
        "contentHash": "jn+XCTMHQ7Sz2ncaSMoR0HPFIbVhViLvUiZSUzJ2VwLMVXpYpTkAaFgDpTjwqL9kQLvxoUGqYFRKvK2S3/D+Ew==",
        "dependencies": {
          "Microsoft.ML.OnnxRuntime.Managed": "1.22.0"
        }
      },
      "LDVisionCamera.Net": {
        "type": "CentralTransitive",
        "requested": "[1.0.0-rc.37, )",
        "resolved": "1.0.0-rc.37",
        "contentHash": "03Ui4e6Mq7K8XjAg+CjKllIR4GRyGr3RoGsaV/Pm+p1iheKhlneQOvPmrMLpNrbb/9xtVahDDloQT34JknVs6Q=="
      },
      "Microsoft.Extensions.DependencyInjection.Abstractions": {
        "type": "CentralTransitive",
        "requested": "[10.0.5, )",
        "resolved": "10.0.5",
        "contentHash": "iVMtq9eRvzyhx8949EGT0OCYJfXi737SbRVzWXE5GrOgGj5AaZ9eUuxA/BSUfmOMALKn/g8KfFaNQw0eiB3lyA=="
      },
      "Microsoft.Extensions.Logging.Abstractions": {
        "type": "CentralTransitive",
        "requested": "[10.0.5, )",
        "resolved": "10.0.5",
        "contentHash": "9HOdqlDtPptVcmKAjsQ/Nr5Rxfq6FMYLdhvZh1lVmeKR738qeYecQD7+ldooXf+u2KzzR1kafSphWngIM3C6ug==",
        "dependencies": {
          "Microsoft.Extensions.DependencyInjection.Abstractions": "10.0.5",
          "System.Diagnostics.DiagnosticSource": "10.0.5"
        }
      },
      "OpenCvSharp4": {
        "type": "CentralTransitive",
        "requested": "[4.10.0.20240615, )",
        "resolved": "4.10.0.20240615",
        "contentHash": "cX3cwyKaDFknbreKInp2nB91AqEci9OwippbXOKehrUoETTeiIYY3j1EwVwshb5k+o/EkJyoYUvq9vh3nbZupw==",
        "dependencies": {
          "System.Memory": "4.5.5",
          "System.Runtime.CompilerServices.Unsafe": "6.0.0"
        }
      },
      "OpenCvSharp4.runtime.win": {
        "type": "CentralTransitive",
        "requested": "[4.10.0.20240615, )",
        "resolved": "4.10.0.20240615",
        "contentHash": "+BmRAXnKdwJxJ8qzjrXXK/bbQ/KpEwe9RM+X+/wf9hQ+ULPY1BP7k31LQTQRiEpPLGZGWfJUF2bchkW9cqT8cw=="
      },
      "System.IO.Ports": {
        "type": "CentralTransitive",
        "requested": "[8.0.0, )",
        "resolved": "8.0.0",
        "contentHash": "MaiPbx2/QXZc62gm/DrajRrGPG1lU4m08GWMoWiymPYM+ba4kfACp2PbiYpqJ4QiFGhHD00zX3RoVDTucjWe9g==",
        "dependencies": {
          "runtime.native.System.IO.Ports": "8.0.0"
        }
      },
      "YoloDotNet": {
        "type": "CentralTransitive",
        "requested": "[4.2.0, )",
        "resolved": "4.2.0",
        "contentHash": "184xejBbLKT2q1rxwHB5DZdeld+Cfht35hvBCkPiW7+7IvNIlOjo2Z4gqJ815iWug5jBPoisrdH4mkLZJcUTWw==",
        "dependencies": {
          "SkiaSharp": "3.119.1"
        }
      },
      "YoloDotNet.ExecutionProvider.OpenVino": {
        "type": "CentralTransitive",
        "requested": "[1.1.0, )",
        "resolved": "1.1.0",
        "contentHash": "bS7gu7EoGiDEa5m4eGbVzWjngAt9hgMXO5MYgXWtO/gf8pt8okwn34RF18e9/d5VXIyzC9ZjFHmiVge1RtkgNw==",
        "dependencies": {
          "Intel.ML.OnnxRuntime.OpenVino": "1.22.0",
          "YoloDotNet": "4.0.0"
        }
      }
    }
  }
}