{
  "version": 2,
  "dependencies": {
    "net8.0": {
      "OpenCvSharp4": {
        "type": "Direct",
        "requested": "[4.10.0.20240615, )",
        "resolved": "4.10.0.20240615",
        "contentHash": "cX3cwyKaDFknbreKInp2nB91AqEci9OwippbXOKehrUoETTeiIYY3j1EwVwshb5k+o/EkJyoYUvq9vh3nbZupw==",
        "dependencies": {
          "System.Memory": "4.5.5",
          "System.Runtime.CompilerServices.Unsafe": "6.0.0"
        }
      },
      "OpenCvSharp4.runtime.win": {
        "type": "Direct",
        "requested": "[4.10.0.20240615, )",
        "resolved": "4.10.0.20240615",
        "contentHash": "+BmRAXnKdwJxJ8qzjrXXK/bbQ/KpEwe9RM+X+/wf9hQ+ULPY1BP7k31LQTQRiEpPLGZGWfJUF2bchkW9cqT8cw=="
      },
      "System.Memory": {
        "type": "Transitive",
        "resolved": "4.5.5",
        "contentHash": "XIWiDvKPXaTveaB7HVganDlOCRoj03l+jrwNvcge/t8vhGYKvqV+dMv6G4SAX2NoNmN0wZfVPTAlFwZcZvVOUw=="
      },
      "System.Runtime.CompilerServices.Unsafe": {
        "type": "Transitive",
        "resolved": "6.0.0",
        "contentHash": "/iUeP3tq1S0XdNNoMz5C9twLSrM/TH+qElHkXWaPvuNOt+99G75NrV0OS2EqHx5wMN7popYjpc8oTjC1y16DLg=="
      },
      "robotvision.core": {
        "type": "Project"
      }
    }
  }
}